
Microsoft Visual Studio Solution File, Format Version 12.00
# Visual Studio Version 17
VisualStudioVersion = 17.0.31903.59
MinimumVisualStudioVersion = 10.0.40219.1
Project("{FAE04EC0-301F-11D3-BF4B-00C04F79EFBC}") = "miTutoria.Web", "miTutoria.Web\miTutoria.Web.csproj", "{6591D00E-5FF7-4CFB-8C7F-3CEEE78250A9}"
EndProject
Project("{FAE04EC0-301F-11D3-BF4B-00C04F79EFBC}") = "miTutoria.Tests", "miTutoria.Tests\miTutoria.Tests.csproj", "{69A2A916-3726-4D5D-A206-28970CF28470}"
EndProject
Global
	GlobalSection(SolutionConfigurationPlatforms) = preSolution
		Debug|Any CPU = Debug|Any CPU
		Debug|x64 = Debug|x64
		Debug|x86 = Debug|x86
		Release|Any CPU = Release|Any CPU
		Release|x64 = Release|x64
		Release|x86 = Release|x86
	EndGlobalSection
	GlobalSection(ProjectConfigurationPlatforms) = postSolution
		{6591D00E-5FF7-4CFB-8C7F-3CEEE78250A9}.Debug|Any CPU.ActiveCfg = Debug|Any CPU
		{6591D00E-5FF7-4CFB-8C7F-3CEEE78250A9}.Debug|Any CPU.Build.0 = Debug|Any CPU
		{6591D00E-5FF7-4CFB-8C7F-3CEEE78250A9}.Debug|x64.ActiveCfg = Debug|Any CPU
		{6591D00E-5FF7-4CFB-8C7F-3CEEE78250A9}.Debug|x64.Build.0 = Debug|Any CPU
		{6591D00E-5FF7-4CFB-8C7F-3CEEE78250A9}.Debug|x86.ActiveCfg = Debug|Any CPU
		{6591D00E-5FF7-4CFB-8C7F-3CEEE78250A9}.Debug|x86.Build.0 = Debug|Any CPU
		{6591D00E-5FF7-4CFB-8C7F-3CEEE78250A9}.Release|Any CPU.ActiveCfg = Release|Any CPU
		{6591D00E-5FF7-4CFB-8C7F-3CEEE78250A9}.Release|Any CPU.Build.0 = Release|Any CPU
		{6591D00E-5FF7-4CFB-8C7F-3CEEE78250A9}.Release|x64.ActiveCfg = Release|Any CPU
		{6591D00E-5FF7-4CFB-8C7F-3CEEE78250A9}.Release|x64.Build.0 = Release|Any CPU
		{6591D00E-5FF7-4CFB-8C7F-3CEEE78250A9}.Release|x86.ActiveCfg = Release|Any CPU
		{6591D00E-5FF7-4CFB-8C7F-3CEEE78250A9}.Release|x86.Build.0 = Release|Any CPU
		{69A2A916-3726-4D5D-A206-28970CF28470}.Debug|Any CPU.ActiveCfg = Debug|Any CPU
		{69A2A916-3726-4D5D-A206-28970CF28470}.Debug|Any CPU.Build.0 = Debug|Any CPU
		{69A2A916-3726-4D5D-A206-28970CF28470}.Debug|x64.ActiveCfg = Debug|Any CPU
		{69A2A916-3726-4D5D-A206-28970CF28470}.Debug|x64.Build.0 = Debug|Any CPU
		{69A2A916-3726-4D5D-A206-28970CF28470}.Debug|x86.ActiveCfg = Debug|Any CPU
		{69A2A916-3726-4D5D-A206-28970CF28470}.Debug|x86.Build.0 = Debug|Any CPU
		{69A2A916-3726-4D5D-A206-28970CF28470}.Release|Any CPU.ActiveCfg = Release|Any CPU
		{69A2A916-3726-4D5D-A206-28970CF28470}.Release|Any CPU.Build.0 = Release|Any CPU
		{69A2A916-3726-4D5D-A206-28970CF28470}.Release|x64.ActiveCfg = Release|Any CPU
		{69A2A916-3726-4D5D-A206-28970CF28470}.Release|x64.Build.0 = Release|Any CPU
		{69A2A916-3726-4D5D-A206-28970CF28470}.Release|x86.ActiveCfg = Release|Any CPU
		{69A2A916-3726-4D5D-A206-28970CF28470}.Release|x86.Build.0 = Release|Any CPU
	EndGlobalSection
	GlobalSection(SolutionProperties) = preSolution
		HideSolutionNode = FALSE
	EndGlobalSection
EndGlobal
